
Microsoft Visual Studio Solution File, Format Version 12.00
# Visual Studio Version 17
VisualStudioVersion = 17.2.32519.379
MinimumVisualStudioVersion = 10.0.40219.1
Project("{FAE04EC0-301F-11D3-BF4B-00C04F79EFBC}") = "EquipmentProcurementManager", "EquipmentProcurementManager.csproj", "{D42EEB74-7132-4C56-8A82-CD293983B9BF}"
EndProject
Project("{FAE04EC0-301F-11D3-BF4B-00C04F79EFBC}") = "DBLayer", "..\DBLayer\DBLayer.csproj", "{C4896ECB-E5DD-4460-BA0A-BADB36BB6102}"
EndProject
Global
	GlobalSection(SolutionConfigurationPlatforms) = preSolution
		Debug|Any CPU = Debug|Any CPU
		Release|Any CPU = Release|Any CPU
	EndGlobalSection
	GlobalSection(ProjectConfigurationPlatforms) = postSolution
		{D42EEB74-7132-4C56-8A82-CD293983B9BF}.Debug|Any CPU.ActiveCfg = Debug|Any CPU
		{D42EEB74-7132-4C56-8A82-CD293983B9BF}.Debug|Any CPU.Build.0 = Debug|Any CPU
		{D42EEB74-7132-4C56-8A82-CD293983B9BF}.Release|Any CPU.ActiveCfg = Release|Any CPU
		{D42EEB74-7132-4C56-8A82-CD293983B9BF}.Release|Any CPU.Build.0 = Release|Any CPU
		{C4896ECB-E5DD-4460-BA0A-BADB36BB6102}.Debug|Any CPU.ActiveCfg = Debug|Any CPU
		{C4896ECB-E5DD-4460-BA0A-BADB36BB6102}.Debug|Any CPU.Build.0 = Debug|Any CPU
		{C4896ECB-E5DD-4460-BA0A-BADB36BB6102}.Release|Any CPU.ActiveCfg = Release|Any CPU
		{C4896ECB-E5DD-4460-BA0A-BADB36BB6102}.Release|Any CPU.Build.0 = Release|Any CPU
	EndGlobalSection
	GlobalSection(SolutionProperties) = preSolution
		HideSolutionNode = FALSE
	EndGlobalSection
	GlobalSection(ExtensibilityGlobals) = postSolution
		SolutionGuid = {4BB301AD-EA7C-4216-A902-AD4C6DC3782C}
	EndGlobalSection
EndGlobal
